
Microsoft Visual Studio Solution File, Format Version 12.00
# Visual Studio Version 17
VisualStudioVersion = 17.5.002.0
MinimumVisualStudioVersion = 10.0.40219.1
Project("{9A19103F-16F7-4668-BE54-9A1E7A4F7556}") = "CallAutomationOpenAI", "CallAutomationOpenAI.csproj", "{9555ACFE-3F30-439B-B51E-5ADD7E5F696B}"
EndProject
Global
	GlobalSection(SolutionConfigurationPlatforms) = preSolution
		Debug|Any CPU = Debug|Any CPU
		Release|Any CPU = Release|Any CPU
	EndGlobalSection
	GlobalSection(ProjectConfigurationPlatforms) = postSolution
		{9555ACFE-3F30-439B-B51E-5ADD7E5F696B}.Debug|Any CPU.ActiveCfg = Debug|Any CPU
		{9555ACFE-3F30-439B-B51E-5ADD7E5F696B}.Debug|Any CPU.Build.0 = Debug|Any CPU
		{9555ACFE-3F30-439B-B51E-5ADD7E5F696B}.Release|Any CPU.ActiveCfg = Release|Any CPU
		{9555ACFE-3F30-439B-B51E-5ADD7E5F696B}.Release|Any CPU.Build.0 = Release|Any CPU
	EndGlobalSection
	GlobalSection(SolutionProperties) = preSolution
		HideSolutionNode = FALSE
	EndGlobalSection
	GlobalSection(ExtensibilityGlobals) = postSolution
		SolutionGuid = {4397F5DB-CFA4-4180-8FF4-A66978874F88}
	EndGlobalSection
EndGlobal
